
Microsoft Visual Studio Solution File, Format Version 12.00
# Visual Studio Version 16
VisualStudioVersion = 16.0.31624.102
MinimumVisualStudioVersion = 10.0.40219.1
Project("{9A19103F-16F7-4668-BE54-9A1E7A4F7556}") = "MovieBox", "MovieBox.csproj", "{3FE4A788-DF3D-4325-94EB-33E487DF6037}"
EndProject
Project("{9A19103F-16F7-4668-BE54-9A1E7A4F7556}") = "MovieBox.Common", "..\MovieBox.Common\MovieBox.Common.csproj", "{EAFCDF6A-7499-4647-93AA-5ADA879130CE}"
EndProject
Project("{9A19103F-16F7-4668-BE54-9A1E7A4F7556}") = "MovieBox.DAO", "..\MovieBox.DAO\MovieBox.DAO.csproj", "{26C82FCF-13B4-4E10-A17F-AEE1365D812A}"
EndProject
Project("{9A19103F-16F7-4668-BE54-9A1E7A4F7556}") = "MovieBox.Logic", "..\MovieBox.Logic\MovieBox.Logic.csproj", "{3E559906-B6A1-467A-BEE7-C6637A00D072}"
EndProject
Project("{9A19103F-16F7-4668-BE54-9A1E7A4F7556}") = "MovieBox.Validation", "..\MovieBox.Validation\MovieBox.Validation.csproj", "{22E21B25-E84E-48E0-BB08-1BB1BEBA4797}"
EndProject
Project("{2150E333-8FDC-42A3-9474-1A3956D46DE8}") = "Solution Items", "Solution Items", "{E0418D2F-6A3E-4CCA-9747-6313A272A179}"
	ProjectSection(SolutionItems) = preProject
		..\MovieBox.Database\create_db.bat = ..\MovieBox.Database\create_db.bat
		..\MovieBox.Database\Movies.db = ..\MovieBox.Database\Movies.db
		..\MovieBox.Database\script.sql = ..\MovieBox.Database\script.sql
	EndProjectSection
EndProject
Global
	GlobalSection(SolutionConfigurationPlatforms) = preSolution
		Debug|Any CPU = Debug|Any CPU
		Release|Any CPU = Release|Any CPU
	EndGlobalSection
	GlobalSection(ProjectConfigurationPlatforms) = postSolution
		{3FE4A788-DF3D-4325-94EB-33E487DF6037}.Debug|Any CPU.ActiveCfg = Debug|Any CPU
		{3FE4A788-DF3D-4325-94EB-33E487DF6037}.Debug|Any CPU.Build.0 = Debug|Any CPU
		{3FE4A788-DF3D-4325-94EB-33E487DF6037}.Release|Any CPU.ActiveCfg = Release|Any CPU
		{3FE4A788-DF3D-4325-94EB-33E487DF6037}.Release|Any CPU.Build.0 = Release|Any CPU
		{EAFCDF6A-7499-4647-93AA-5ADA879130CE}.Debug|Any CPU.ActiveCfg = Debug|Any CPU
		{EAFCDF6A-7499-4647-93AA-5ADA879130CE}.Debug|Any CPU.Build.0 = Debug|Any CPU
		{EAFCDF6A-7499-4647-93AA-5ADA879130CE}.Release|Any CPU.ActiveCfg = Release|Any CPU
		{EAFCDF6A-7499-4647-93AA-5ADA879130CE}.Release|Any CPU.Build.0 = Release|Any CPU
		{26C82FCF-13B4-4E10-A17F-AEE1365D812A}.Debug|Any CPU.ActiveCfg = Debug|Any CPU
		{26C82FCF-13B4-4E10-A17F-AEE1365D812A}.Debug|Any CPU.Build.0 = Debug|Any CPU
		{26C82FCF-13B4-4E10-A17F-AEE1365D812A}.Release|Any CPU.ActiveCfg = Release|Any CPU
		{26C82FCF-13B4-4E10-A17F-AEE1365D812A}.Release|Any CPU.Build.0 = Release|Any CPU
		{3E559906-B6A1-467A-BEE7-C6637A00D072}.Debug|Any CPU.ActiveCfg = Debug|Any CPU
		{3E559906-B6A1-467A-BEE7-C6637A00D072}.Debug|Any CPU.Build.0 = Debug|Any CPU
		{3E559906-B6A1-467A-BEE7-C6637A00D072}.Release|Any CPU.ActiveCfg = Release|Any CPU
		{3E559906-B6A1-467A-BEE7-C6637A00D072}.Release|Any CPU.Build.0 = Release|Any CPU
		{22E21B25-E84E-48E0-BB08-1BB1BEBA4797}.Debug|Any CPU.ActiveCfg = Debug|Any CPU
		{22E21B25-E84E-48E0-BB08-1BB1BEBA4797}.Debug|Any CPU.Build.0 = Debug|Any CPU
		{22E21B25-E84E-48E0-BB08-1BB1BEBA4797}.Release|Any CPU.ActiveCfg = Release|Any CPU
		{22E21B25-E84E-48E0-BB08-1BB1BEBA4797}.Release|Any CPU.Build.0 = Release|Any CPU
	EndGlobalSection
	GlobalSection(SolutionProperties) = preSolution
		HideSolutionNode = FALSE
	EndGlobalSection
	GlobalSection(ExtensibilityGlobals) = postSolution
		SolutionGuid = {483605AE-E777-4FBF-BE64-F0E85032804C}
	EndGlobalSection
EndGlobal
